// !$*UTF8*$!
{
	archiveVersion = 1;
	classes = {
	};
	objectVersion = 46;
	objects = {

/* Begin PBXBuildFile section */
		2E54CAAF1C133BDC0047EC37 /* Himotoki.framework in Frameworks */ = {isa = PBXBuildFile; fileRef = 2E54CAAE1C133BDC0047EC37 /* Himotoki.framework */; };
		2E54CAB01C133BDC0047EC37 /* Himotoki.framework in Frameworks */ = {isa = PBXBuildFile; fileRef = 2E54CAAE1C133BDC0047EC37 /* Himotoki.framework */; };
		2E54CAB31C1381440047EC37 /* RUG.swift in Sources */ = {isa = PBXBuildFile; fileRef = 2E54CAB21C1381440047EC37 /* RUG.swift */; };
		2E54CAB41C1381440047EC37 /* RUG.swift in Sources */ = {isa = PBXBuildFile; fileRef = 2E54CAB21C1381440047EC37 /* RUG.swift */; };
		2E54CABF1C139F890047EC37 /* RUGUITests.swift in Sources */ = {isa = PBXBuildFile; fileRef = 2E54CABE1C139F890047EC37 /* RUGUITests.swift */; };
		2E54CAC71C13A8A60047EC37 /* UI.swift in Sources */ = {isa = PBXBuildFile; fileRef = 2E54CAC61C13A8A60047EC37 /* UI.swift */; };
		2E716A2F1A139722002D3CA5 /* AppDelegate.swift in Sources */ = {isa = PBXBuildFile; fileRef = 2E716A2E1A139722002D3CA5 /* AppDelegate.swift */; };
		2E716A311A139722002D3CA5 /* Images.xcassets in Resources */ = {isa = PBXBuildFile; fileRef = 2E716A301A139722002D3CA5 /* Images.xcassets */; };
		2E716A341A139722002D3CA5 /* MainMenu.xib in Resources */ = {isa = PBXBuildFile; fileRef = 2E716A321A139722002D3CA5 /* MainMenu.xib */; };
		2E716A401A139722002D3CA5 /* RUGTests.swift in Sources */ = {isa = PBXBuildFile; fileRef = 2E716A3F1A139722002D3CA5 /* RUGTests.swift */; };
/* End PBXBuildFile section */

/* Begin PBXContainerItemProxy section */
		2E54CAC11C139F890047EC37 /* PBXContainerItemProxy */ = {
			isa = PBXContainerItemProxy;
			containerPortal = 2E716A211A139722002D3CA5 /* Project object */;
			proxyType = 1;
			remoteGlobalIDString = 2E716A281A139722002D3CA5;
			remoteInfo = RUG;
		};
		2E716A3A1A139722002D3CA5 /* PBXContainerItemProxy */ = {
			isa = PBXContainerItemProxy;
			containerPortal = 2E716A211A139722002D3CA5 /* Project object */;
			proxyType = 1;
			remoteGlobalIDString = 2E716A281A139722002D3CA5;
			remoteInfo = RandomUserGenerator;
		};
/* End PBXContainerItemProxy section */

/* Begin PBXFileReference section */
		2E54CAAE1C133BDC0047EC37 /* Himotoki.framework */ = {isa = PBXFileReference; lastKnownFileType = wrapper.framework; name = Himotoki.framework; path = Carthage/Build/Mac/Himotoki.framework; sourceTree = "<group>"; };
		2E54CAB21C1381440047EC37 /* RUG.swift */ = {isa = PBXFileReference; fileEncoding = 4; lastKnownFileType = sourcecode.swift; path = RUG.swift; sourceTree = "<group>"; };
		2E54CAB51C1382380047EC37 /* example.json */ = {isa = PBXFileReference; fileEncoding = 4; lastKnownFileType = text.json; name = example.json; path = RUG/example.json; sourceTree = "<group>"; };
		2E54CABC1C139F890047EC37 /* RUGUITests.xctest */ = {isa = PBXFileReference; explicitFileType = wrapper.cfbundle; includeInIndex = 0; path = RUGUITests.xctest; sourceTree = BUILT_PRODUCTS_DIR; };
		2E54CABE1C139F890047EC37 /* RUGUITests.swift */ = {isa = PBXFileReference; lastKnownFileType = sourcecode.swift; path = RUGUITests.swift; sourceTree = "<group>"; };
		2E54CAC01C139F890047EC37 /* Info.plist */ = {isa = PBXFileReference; lastKnownFileType = text.plist.xml; path = Info.plist; sourceTree = "<group>"; };
		2E54CAC61C13A8A60047EC37 /* UI.swift */ = {isa = PBXFileReference; fileEncoding = 4; lastKnownFileType = sourcecode.swift; path = UI.swift; sourceTree = "<group>"; };
		2E716A291A139722002D3CA5 /* RUG.app */ = {isa = PBXFileReference; explicitFileType = wrapper.application; includeInIndex = 0; path = RUG.app; sourceTree = BUILT_PRODUCTS_DIR; };
		2E716A2D1A139722002D3CA5 /* Info.plist */ = {isa = PBXFileReference; lastKnownFileType = text.plist.xml; path = Info.plist; sourceTree = "<group>"; };
		2E716A2E1A139722002D3CA5 /* AppDelegate.swift */ = {isa = PBXFileReference; lastKnownFileType = sourcecode.swift; path = AppDelegate.swift; sourceTree = "<group>"; };
		2E716A301A139722002D3CA5 /* Images.xcassets */ = {isa = PBXFileReference; lastKnownFileType = folder.assetcatalog; path = Images.xcassets; sourceTree = "<group>"; };
		2E716A331A139722002D3CA5 /* Base */ = {isa = PBXFileReference; lastKnownFileType = file.xib; name = Base; path = Base.lproj/MainMenu.xib; sourceTree = "<group>"; };
		2E716A391A139722002D3CA5 /* RUGTests.xctest */ = {isa = PBXFileReference; explicitFileType = wrapper.cfbundle; includeInIndex = 0; path = RUGTests.xctest; sourceTree = BUILT_PRODUCTS_DIR; };
		2E716A3E1A139722002D3CA5 /* Info.plist */ = {isa = PBXFileReference; lastKnownFileType = text.plist.xml; path = Info.plist; sourceTree = "<group>"; };
		2E716A3F1A139722002D3CA5 /* RUGTests.swift */ = {isa = PBXFileReference; lastKnownFileType = sourcecode.swift; path = RUGTests.swift; sourceTree = "<group>"; };
/* End PBXFileReference section */

/* Begin PBXFrameworksBuildPhase section */
		2E54CAB91C139F890047EC37 /* Frameworks */ = {
			isa = PBXFrameworksBuildPhase;
			buildActionMask = 2147483647;
			files = (
			);
			runOnlyForDeploymentPostprocessing = 0;
		};
		2E716A261A139722002D3CA5 /* Frameworks */ = {
			isa = PBXFrameworksBuildPhase;
			buildActionMask = 2147483647;
			files = (
				2E54CAAF1C133BDC0047EC37 /* Himotoki.framework in Frameworks */,
			);
			runOnlyForDeploymentPostprocessing = 0;
		};
		2E716A361A139722002D3CA5 /* Frameworks */ = {
			isa = PBXFrameworksBuildPhase;
			buildActionMask = 2147483647;
			files = (
				2E54CAB01C133BDC0047EC37 /* Himotoki.framework in Frameworks */,
			);
			runOnlyForDeploymentPostprocessing = 0;
		};
/* End PBXFrameworksBuildPhase section */

/* Begin PBXGroup section */
		2E54CABD1C139F890047EC37 /* RUGUITests */ = {
			isa = PBXGroup;
			children = (
				2E54CABE1C139F890047EC37 /* RUGUITests.swift */,
				2E54CAC01C139F890047EC37 /* Info.plist */,
				2E54CAC61C13A8A60047EC37 /* UI.swift */,
			);
			path = RUGUITests;
			sourceTree = "<group>";
		};
		2E716A201A139722002D3CA5 = {
			isa = PBXGroup;
			children = (
				2E54CAAE1C133BDC0047EC37 /* Himotoki.framework */,
				2E54CAB51C1382380047EC37 /* example.json */,
				2E716A2B1A139722002D3CA5 /* RUG */,
				2E716A3C1A139722002D3CA5 /* RUGTests */,
				2E54CABD1C139F890047EC37 /* RUGUITests */,
				2E716A2A1A139722002D3CA5 /* Products */,
			);
			sourceTree = "<group>";
		};
		2E716A2A1A139722002D3CA5 /* Products */ = {
			isa = PBXGroup;
			children = (
				2E716A291A139722002D3CA5 /* RUG.app */,
				2E716A391A139722002D3CA5 /* RUGTests.xctest */,
				2E54CABC1C139F890047EC37 /* RUGUITests.xctest */,
			);
			name = Products;
			sourceTree = "<group>";
		};
		2E716A2B1A139722002D3CA5 /* RUG */ = {
			isa = PBXGroup;
			children = (
				2E716A2E1A139722002D3CA5 /* AppDelegate.swift */,
				2E54CAB21C1381440047EC37 /* RUG.swift */,
				2E716A301A139722002D3CA5 /* Images.xcassets */,
				2E716A321A139722002D3CA5 /* MainMenu.xib */,
				2E716A2C1A139722002D3CA5 /* Supporting Files */,
			);
			path = RUG;
			sourceTree = "<group>";
		};
		2E716A2C1A139722002D3CA5 /* Supporting Files */ = {
			isa = PBXGroup;
			children = (
				2E716A2D1A139722002D3CA5 /* Info.plist */,
			);
			name = "Supporting Files";
			sourceTree = "<group>";
		};
		2E716A3C1A139722002D3CA5 /* RUGTests */ = {
			isa = PBXGroup;
			children = (
				2E716A3F1A139722002D3CA5 /* RUGTests.swift */,
				2E716A3D1A139722002D3CA5 /* Supporting Files */,
			);
			path = RUGTests;
			sourceTree = "<group>";
		};
		2E716A3D1A139722002D3CA5 /* Supporting Files */ = {
			isa = PBXGroup;
			children = (
				2E716A3E1A139722002D3CA5 /* Info.plist */,
			);
			name = "Supporting Files";
			sourceTree = "<group>";
		};
/* End PBXGroup section */

/* Begin PBXNativeTarget section */
		2E54CABB1C139F890047EC37 /* RUGUITests */ = {
			isa = PBXNativeTarget;
			buildConfigurationList = 2E54CAC51C139F890047EC37 /* Build configuration list for PBXNativeTarget "RUGUITests" */;
			buildPhases = (
				2E54CAB81C139F890047EC37 /* Sources */,
				2E54CAB91C139F890047EC37 /* Frameworks */,
				2E54CABA1C139F890047EC37 /* Resources */,
			);
			buildRules = (
			);
			dependencies = (
				2E54CAC21C139F890047EC37 /* PBXTargetDependency */,
			);
			name = RUGUITests;
			productName = RUGUITests;
			productReference = 2E54CABC1C139F890047EC37 /* RUGUITests.xctest */;
			productType = "com.apple.product-type.bundle.ui-testing";
		};
		2E716A281A139722002D3CA5 /* RUG */ = {
			isa = PBXNativeTarget;
			buildConfigurationList = 2E716A431A139722002D3CA5 /* Build configuration list for PBXNativeTarget "RUG" */;
			buildPhases = (
				2E716A251A139722002D3CA5 /* Sources */,
				2E716A261A139722002D3CA5 /* Frameworks */,
				2E716A271A139722002D3CA5 /* Resources */,
				2E54CAB11C133BE40047EC37 /* ShellScript */,
			);
			buildRules = (
			);
			dependencies = (
			);
			name = RUG;
			productName = RandomUserGenerator;
			productReference = 2E716A291A139722002D3CA5 /* RUG.app */;
			productType = "com.apple.product-type.application";
		};
		2E716A381A139722002D3CA5 /* RUGTests */ = {
			isa = PBXNativeTarget;
			buildConfigurationList = 2E716A461A139722002D3CA5 /* Build configuration list for PBXNativeTarget "RUGTests" */;
			buildPhases = (
				2E716A351A139722002D3CA5 /* Sources */,
				2E716A361A139722002D3CA5 /* Frameworks */,
				2E716A371A139722002D3CA5 /* Resources */,
			);
			buildRules = (
			);
			dependencies = (
				2E716A3B1A139722002D3CA5 /* PBXTargetDependency */,
			);
			name = RUGTests;
			productName = RandomUserGeneratorTests;
			productReference = 2E716A391A139722002D3CA5 /* RUGTests.xctest */;
			productType = "com.apple.product-type.bundle.unit-test";
		};
/* End PBXNativeTarget section */

/* Begin PBXProject section */
		2E716A211A139722002D3CA5 /* Project object */ = {
			isa = PBXProject;
			attributes = {
				LastSwiftMigration = 0710;
				LastSwiftUpdateCheck = 0710;
				LastUpgradeCheck = 0710;
				ORGANIZATIONNAME = mna;
				TargetAttributes = {
					2E54CABB1C139F890047EC37 = {
						CreatedOnToolsVersion = 7.1.1;
						TestTargetID = 2E716A281A139722002D3CA5;
					};
					2E716A281A139722002D3CA5 = {
						CreatedOnToolsVersion = 6.1;
						DevelopmentTeam = 9VHA7WMYMU;
					};
					2E716A381A139722002D3CA5 = {
						CreatedOnToolsVersion = 6.1;
						TestTargetID = 2E716A281A139722002D3CA5;
					};
				};
			};
			buildConfigurationList = 2E716A241A139722002D3CA5 /* Build configuration list for PBXProject "RUG" */;
			compatibilityVersion = "Xcode 3.2";
			developmentRegion = English;
			hasScannedForEncodings = 0;
			knownRegions = (
				en,
				Base,
			);
			mainGroup = 2E716A201A139722002D3CA5;
			productRefGroup = 2E716A2A1A139722002D3CA5 /* Products */;
			projectDirPath = "";
			projectRoot = "";
			targets = (
				2E716A281A139722002D3CA5 /* RUG */,
				2E716A381A139722002D3CA5 /* RUGTests */,
				2E54CABB1C139F890047EC37 /* RUGUITests */,
			);
		};
/* End PBXProject section */

/* Begin PBXResourcesBuildPhase section */
		2E54CABA1C139F890047EC37 /* Resources */ = {
			isa = PBXResourcesBuildPhase;
			buildActionMask = 2147483647;
			files = (
			);
			runOnlyForDeploymentPostprocessing = 0;
		};
		2E716A271A139722002D3CA5 /* Resources */ = {
			isa = PBXResourcesBuildPhase;
			buildActionMask = 2147483647;
			files = (
				2E716A311A139722002D3CA5 /* Images.xcassets in Resources */,
				2E716A341A139722002D3CA5 /* MainMenu.xib in Resources */,
			);
			runOnlyForDeploymentPostprocessing = 0;
		};
		2E716A371A139722002D3CA5 /* Resources */ = {
			isa = PBXResourcesBuildPhase;
			buildActionMask = 2147483647;
			files = (
			);
			runOnlyForDeploymentPostprocessing = 0;
		};
/* End PBXResourcesBuildPhase section */

/* Begin PBXShellScriptBuildPhase section */
		2E54CAB11C133BE40047EC37 /* ShellScript */ = {
			isa = PBXShellScriptBuildPhase;
			buildActionMask = 2147483647;
			files = (
			);
			inputPaths = (
				"$(SRCROOT)/Carthage/Build/Mac/Himotoki.framework",
			);
			outputPaths = (
			);
			runOnlyForDeploymentPostprocessing = 0;
			shellPath = /bin/sh;
			shellScript = "/usr/local/bin/carthage copy-frameworks";
		};
/* End PBXShellScriptBuildPhase section */

/* Begin PBXSourcesBuildPhase section */
		2E54CAB81C139F890047EC37 /* Sources */ = {
			isa = PBXSourcesBuildPhase;
			buildActionMask = 2147483647;
			files = (
				2E54CABF1C139F890047EC37 /* RUGUITests.swift in Sources */,
				2E54CAC71C13A8A60047EC37 /* UI.swift in Sources */,
			);
			runOnlyForDeploymentPostprocessing = 0;
		};
		2E716A251A139722002D3CA5 /* Sources */ = {
			isa = PBXSourcesBuildPhase;
			buildActionMask = 2147483647;
			files = (
				2E54CAB31C1381440047EC37 /* RUG.swift in Sources */,
				2E716A2F1A139722002D3CA5 /* AppDelegate.swift in Sources */,
			);
			runOnlyForDeploymentPostprocessing = 0;
		};
		2E716A351A139722002D3CA5 /* Sources */ = {
			isa = PBXSourcesBuildPhase;
			buildActionMask = 2147483647;
			files = (
				2E54CAB41C1381440047EC37 /* RUG.swift in Sources */,
				2E716A401A139722002D3CA5 /* RUGTests.swift in Sources */,
			);
			runOnlyForDeploymentPostprocessing = 0;
		};
/* End PBXSourcesBuildPhase section */

/* Begin PBXTargetDependency section */
		2E54CAC21C139F890047EC37 /* PBXTargetDependency */ = {
			isa = PBXTargetDependency;
			target = 2E716A281A139722002D3CA5 /* RUG */;
			targetProxy = 2E54CAC11C139F890047EC37 /* PBXContainerItemProxy */;
		};
		2E716A3B1A139722002D3CA5 /* PBXTargetDependency */ = {
			isa = PBXTargetDependency;
			target = 2E716A281A139722002D3CA5 /* RUG */;
			targetProxy = 2E716A3A1A139722002D3CA5 /* PBXContainerItemProxy */;
		};
/* End PBXTargetDependency section */

/* Begin PBXVariantGroup section */
		2E716A321A139722002D3CA5 /* MainMenu.xib */ = {
			isa = PBXVariantGroup;
			children = (
				2E716A331A139722002D3CA5 /* Base */,
			);
			name = MainMenu.xib;
			sourceTree = "<group>";
		};
/* End PBXVariantGroup section */

/* Begin XCBuildConfiguration section */
		2E54CAC31C139F890047EC37 /* Debug */ = {
			isa = XCBuildConfiguration;
			buildSettings = {
				COMBINE_HIDPI_IMAGES = YES;
				DEBUG_INFORMATION_FORMAT = dwarf;
				GCC_NO_COMMON_BLOCKS = YES;
				INFOPLIST_FILE = RUGUITests/Info.plist;
				LD_RUNPATH_SEARCH_PATHS = "$(inherited) @executable_path/../Frameworks @loader_path/../Frameworks";
				MACOSX_DEPLOYMENT_TARGET = 10.11;
				PRODUCT_BUNDLE_IDENTIFIER = com.mna.RUGUITests;
				PRODUCT_NAME = "$(TARGET_NAME)";
				TEST_TARGET_NAME = RUG;
				USES_XCTRUNNER = YES;
			};
			name = Debug;
		};
		2E54CAC41C139F890047EC37 /* Release */ = {
			isa = XCBuildConfiguration;
			buildSettings = {
				COMBINE_HIDPI_IMAGES = YES;
				COPY_PHASE_STRIP = NO;
				GCC_NO_COMMON_BLOCKS = YES;
				INFOPLIST_FILE = RUGUITests/Info.plist;
				LD_RUNPATH_SEARCH_PATHS = "$(inherited) @executable_path/../Frameworks @loader_path/../Frameworks";
				MACOSX_DEPLOYMENT_TARGET = 10.11;
				PRODUCT_BUNDLE_IDENTIFIER = com.mna.RUGUITests;
				PRODUCT_NAME = "$(TARGET_NAME)";
				TEST_TARGET_NAME = RUG;
				USES_XCTRUNNER = YES;
			};
			name = Release;
		};
		2E716A411A139722002D3CA5 /* Debug */ = {
			isa = XCBuildConfiguration;
			buildSettings = {
				ALWAYS_SEARCH_USER_PATHS = NO;
				CLANG_CXX_LANGUAGE_STANDARD = "gnu++0x";
				CLANG_CXX_LIBRARY = "libc++";
				CLANG_ENABLE_MODULES = YES;
				CLANG_ENABLE_OBJC_ARC = YES;
				CLANG_WARN_BOOL_CONVERSION = YES;
				CLANG_WARN_CONSTANT_CONVERSION = YES;
				CLANG_WARN_DIRECT_OBJC_ISA_USAGE = YES_ERROR;
				CLANG_WARN_EMPTY_BODY = YES;
				CLANG_WARN_ENUM_CONVERSION = YES;
				CLANG_WARN_INT_CONVERSION = YES;
				CLANG_WARN_OBJC_ROOT_CLASS = YES_ERROR;
				CLANG_WARN_UNREACHABLE_CODE = YES;
				CLANG_WARN__DUPLICATE_METHOD_MATCH = YES;
				CODE_SIGN_IDENTITY = "-";
				COPY_PHASE_STRIP = NO;
				ENABLE_STRICT_OBJC_MSGSEND = YES;
				ENABLE_TESTABILITY = YES;
				GCC_C_LANGUAGE_STANDARD = gnu99;
				GCC_DYNAMIC_NO_PIC = NO;
				GCC_OPTIMIZATION_LEVEL = 0;
				GCC_PREPROCESSOR_DEFINITIONS = (
					"DEBUG=1",
					"$(inherited)",
				);
				GCC_SYMBOLS_PRIVATE_EXTERN = NO;
				GCC_WARN_64_TO_32_BIT_CONVERSION = YES;
				GCC_WARN_ABOUT_RETURN_TYPE = YES_ERROR;
				GCC_WARN_UNDECLARED_SELECTOR = YES;
				GCC_WARN_UNINITIALIZED_AUTOS = YES_AGGRESSIVE;
				GCC_WARN_UNUSED_FUNCTION = YES;
				GCC_WARN_UNUSED_VARIABLE = YES;
				MACOSX_DEPLOYMENT_TARGET = 10.9;
				MTL_ENABLE_DEBUG_INFO = YES;
				ONLY_ACTIVE_ARCH = YES;
				SDKROOT = macosx;
				SWIFT_OPTIMIZATION_LEVEL = "-Onone";
			};
			name = Debug;
		};
		2E716A421A139722002D3CA5 /* Release */ = {
			isa = XCBuildConfiguration;
			buildSettings = {
				ALWAYS_SEARCH_USER_PATHS = NO;
				CLANG_CXX_LANGUAGE_STANDARD = "gnu++0x";
				CLANG_CXX_LIBRARY = "libc++";
				CLANG_ENABLE_MODULES = YES;
				CLANG_ENABLE_OBJC_ARC = YES;
				CLANG_WARN_BOOL_CONVERSION = YES;
				CLANG_WARN_CONSTANT_CONVERSION = YES;
				CLANG_WARN_DIRECT_OBJC_ISA_USAGE = YES_ERROR;
				CLANG_WARN_EMPTY_BODY = YES;
				CLANG_WARN_ENUM_CONVERSION = YES;
				CLANG_WARN_INT_CONVERSION = YES;
				CLANG_WARN_OBJC_ROOT_CLASS = YES_ERROR;
				CLANG_WARN_UNREACHABLE_CODE = YES;
				CLANG_WARN__DUPLICATE_METHOD_MATCH = YES;
				CODE_SIGN_IDENTITY = "-";
				COPY_PHASE_STRIP = YES;
				DEBUG_INFORMATION_FORMAT = "dwarf-with-dsym";
				ENABLE_NS_ASSERTIONS = NO;
				ENABLE_STRICT_OBJC_MSGSEND = YES;
				GCC_C_LANGUAGE_STANDARD = gnu99;
				GCC_WARN_64_TO_32_BIT_CONVERSION = YES;
				GCC_WARN_ABOUT_RETURN_TYPE = YES_ERROR;
				GCC_WARN_UNDECLARED_SELECTOR = YES;
				GCC_WARN_UNINITIALIZED_AUTOS = YES_AGGRESSIVE;
				GCC_WARN_UNUSED_FUNCTION = YES;
				GCC_WARN_UNUSED_VARIABLE = YES;
				MACOSX_DEPLOYMENT_TARGET = 10.9;
				MTL_ENABLE_DEBUG_INFO = NO;
				SDKROOT = macosx;
			};
			name = Release;
		};
		2E716A441A139722002D3CA5 /* Debug */ = {
			isa = XCBuildConfiguration;
			buildSettings = {
				ASSETCATALOG_COMPILER_APPICON_NAME = AppIcon;
				CODE_SIGN_IDENTITY = "Developer ID Application";
				COMBINE_HIDPI_IMAGES = YES;
				FRAMEWORK_SEARCH_PATHS = (
					"$(inherited)",
					"$(PROJECT_DIR)/Carthage/Build/Mac",
				);
				INFOPLIST_FILE = RUG/Info.plist;
				LD_RUNPATH_SEARCH_PATHS = "$(inherited) @executable_path/../Frameworks";
				PRODUCT_BUNDLE_IDENTIFIER = "com.mna.tools.$(PRODUCT_NAME:rfc1034identifier)";
				PRODUCT_NAME = RUG;
			};
			name = Debug;
		};
		2E716A451A139722002D3CA5 /* Release */ = {
			isa = XCBuildConfiguration;
			buildSettings = {
				ASSETCATALOG_COMPILER_APPICON_NAME = AppIcon;
				CODE_SIGN_IDENTITY = "Developer ID Application";
				COMBINE_HIDPI_IMAGES = YES;
				FRAMEWORK_SEARCH_PATHS = (
					"$(inherited)",
					"$(PROJECT_DIR)/Carthage/Build/Mac",
				);
				INFOPLIST_FILE = RUG/Info.plist;
				LD_RUNPATH_SEARCH_PATHS = "$(inherited) @executable_path/../Frameworks";
				PRODUCT_BUNDLE_IDENTIFIER = "com.mna.tools.$(PRODUCT_NAME:rfc1034identifier)";
				PRODUCT_NAME = RUG;
			};
			name = Release;
		};
		2E716A471A139722002D3CA5 /* Debug */ = {
			isa = XCBuildConfiguration;
			buildSettings = {
				BUNDLE_LOADER = "$(TEST_HOST)";
				COMBINE_HIDPI_IMAGES = YES;
				FRAMEWORK_SEARCH_PATHS = (
					"$(DEVELOPER_FRAMEWORKS_DIR)",
					"$(inherited)",
					"$(PROJECT_DIR)/Carthage/Build/Mac",
				);
				GCC_PREPROCESSOR_DEFINITIONS = (
					"DEBUG=1",
					"$(inherited)",
				);
				INFOPLIST_FILE = RUGTests/Info.plist;
				LD_RUNPATH_SEARCH_PATHS = "$(inherited) @executable_path/../Frameworks @loader_path/../Frameworks";
				PRODUCT_BUNDLE_IDENTIFIER = "com.mna.$(PRODUCT_NAME:rfc1034identifier)";
				PRODUCT_NAME = RUGTests;
				TEST_HOST = "$(BUILT_PRODUCTS_DIR)/RUG.app/Contents/MacOS/RUG";
			};
			name = Debug;
		};
		2E716A481A139722002D3CA5 /* Release */ = {
			isa = XCBuildConfiguration;
			buildSettings = {
				BUNDLE_LOADER = "$(TEST_HOST)";
				COMBINE_HIDPI_IMAGES = YES;
				FRAMEWORK_SEARCH_PATHS = (
					"$(DEVELOPER_FRAMEWORKS_DIR)",
					"$(inherited)",
					"$(PROJECT_DIR)/Carthage/Build/Mac",
				);
				INFOPLIST_FILE = RUGTests/Info.plist;
				LD_RUNPATH_SEARCH_PATHS = "$(inherited) @executable_path/../Frameworks @loader_path/../Frameworks";
				PRODUCT_BUNDLE_IDENTIFIER = "com.mna.$(PRODUCT_NAME:rfc1034identifier)";
				PRODUCT_NAME = RUGTests;
				TEST_HOST = "$(BUILT_PRODUCTS_DIR)/RUG.app/Contents/MacOS/RUG";
			};
			name = Release;
		};
/* End XCBuildConfiguration section */

/* Begin XCConfigurationList section */
		2E54CAC51C139F890047EC37 /* Build configuration list for PBXNativeTarget "RUGUITests" */ = {
			isa = XCConfigurationList;
			buildConfigurations = (
				2E54CAC31C139F890047EC37 /* Debug */,
				2E54CAC41C139F890047EC37 /* Release */,
			);
			defaultConfigurationIsVisible = 0;
		};
		2E716A241A139722002D3CA5 /* Build configuration list for PBXProject "RUG" */ = {
			isa = XCConfigurationList;
			buildConfigurations = (
				2E716A411A139722002D3CA5 /* Debug */,
				2E716A421A139722002D3CA5 /* Release */,
			);
			defaultConfigurationIsVisible = 0;
			defaultConfigurationName = Release;
		};
		2E716A431A139722002D3CA5 /* Build configuration list for PBXNativeTarget "RUG" */ = {
			isa = XCConfigurationList;
			buildConfigurations = (
				2E716A441A139722002D3CA5 /* Debug */,
				2E716A451A139722002D3CA5 /* Release */,
			);
			defaultConfigurationIsVisible = 0;
			defaultConfigurationName = Release;
		};
		2E716A461A139722002D3CA5 /* Build configuration list for PBXNativeTarget "RUGTests" */ = {
			isa = XCConfigurationList;
			buildConfigurations = (
				2E716A471A139722002D3CA5 /* Debug */,
				2E716A481A139722002D3CA5 /* Release */,
			);
			defaultConfigurationIsVisible = 0;
			defaultConfigurationName = Release;
		};
/* End XCConfigurationList section */
	};
	rootObject = 2E716A211A139722002D3CA5 /* Project object */;
}
